
Microsoft Visual Studio Solution File, Format Version 12.00
# Visual Studio Version 16
VisualStudioVersion = 16.0.30413.136
MinimumVisualStudioVersion = 10.0.40219.1
Project("{FAE04EC0-301F-11D3-BF4B-00C04F79EFBC}") = "WebAppPWalton", "WebAppPWalton\WebAppPWalton.csproj", "{48BB2D19-A925-4792-ACE2-05A3880867E1}"
EndProject
Global
	GlobalSection(SolutionConfigurationPlatforms) = preSolution
		Debug|Any CPU = Debug|Any CPU
		Release|Any CPU = Release|Any CPU
	EndGlobalSection
	GlobalSection(ProjectConfigurationPlatforms) = postSolution
		{48BB2D19-A925-4792-ACE2-05A3880867E1}.Debug|Any CPU.ActiveCfg = Debug|Any CPU
		{48BB2D19-A925-4792-ACE2-05A3880867E1}.Debug|Any CPU.Build.0 = Debug|Any CPU
		{48BB2D19-A925-4792-ACE2-05A3880867E1}.Release|Any CPU.ActiveCfg = Release|Any CPU
		{48BB2D19-A925-4792-ACE2-05A3880867E1}.Release|Any CPU.Build.0 = Release|Any CPU
	EndGlobalSection
	GlobalSection(SolutionProperties) = preSolution
		HideSolutionNode = FALSE
	EndGlobalSection
	GlobalSection(ExtensibilityGlobals) = postSolution
		SolutionGuid = {2FFA670E-95BA-4BAB-8663-934080C645CC}
	EndGlobalSection
EndGlobal
